
Microsoft Visual Studio Solution File, Format Version 12.00
# Visual Studio Version 17
VisualStudioVersion = 17.8.34525.116
MinimumVisualStudioVersion = 10.0.40219.1
Project("{FAE04EC0-301F-11D3-BF4B-00C04F79EFBC}") = "Workaround", "Workaround\Workaround.csproj", "{A0CC25F5-8F75-4F17-9D65-A9BD4BFEB0F2}"
EndProject
Project("{FAE04EC0-301F-11D3-BF4B-00C04F79EFBC}") = "Entities", "Entities\Entities.csproj", "{71D16C9B-5B2B-401B-8CEB-2675752BA889}"
EndProject
Project("{FAE04EC0-301F-11D3-BF4B-00C04F79EFBC}") = "Businiess", "Businiess\Businiess.csproj", "{D212D0B8-8CE9-4012-9F2D-22CD3C0ED79C}"
EndProject
Global
	GlobalSection(SolutionConfigurationPlatforms) = preSolution
		Debug|Any CPU = Debug|Any CPU
		Release|Any CPU = Release|Any CPU
	EndGlobalSection
	GlobalSection(ProjectConfigurationPlatforms) = postSolution
		{A0CC25F5-8F75-4F17-9D65-A9BD4BFEB0F2}.Debug|Any CPU.ActiveCfg = Debug|Any CPU
		{A0CC25F5-8F75-4F17-9D65-A9BD4BFEB0F2}.Debug|Any CPU.Build.0 = Debug|Any CPU
		{A0CC25F5-8F75-4F17-9D65-A9BD4BFEB0F2}.Release|Any CPU.ActiveCfg = Release|Any CPU
		{A0CC25F5-8F75-4F17-9D65-A9BD4BFEB0F2}.Release|Any CPU.Build.0 = Release|Any CPU
		{71D16C9B-5B2B-401B-8CEB-2675752BA889}.Debug|Any CPU.ActiveCfg = Debug|Any CPU
		{71D16C9B-5B2B-401B-8CEB-2675752BA889}.Debug|Any CPU.Build.0 = Debug|Any CPU
		{71D16C9B-5B2B-401B-8CEB-2675752BA889}.Release|Any CPU.ActiveCfg = Release|Any CPU
		{71D16C9B-5B2B-401B-8CEB-2675752BA889}.Release|Any CPU.Build.0 = Release|Any CPU
		{D212D0B8-8CE9-4012-9F2D-22CD3C0ED79C}.Debug|Any CPU.ActiveCfg = Debug|Any CPU
		{D212D0B8-8CE9-4012-9F2D-22CD3C0ED79C}.Debug|Any CPU.Build.0 = Debug|Any CPU
		{D212D0B8-8CE9-4012-9F2D-22CD3C0ED79C}.Release|Any CPU.ActiveCfg = Release|Any CPU
		{D212D0B8-8CE9-4012-9F2D-22CD3C0ED79C}.Release|Any CPU.Build.0 = Release|Any CPU
	EndGlobalSection
	GlobalSection(SolutionProperties) = preSolution
		HideSolutionNode = FALSE
	EndGlobalSection
	GlobalSection(ExtensibilityGlobals) = postSolution
		SolutionGuid = {14A82151-19AF-477C-BF7B-5686B65B07B2}
	EndGlobalSection
EndGlobal
